
Microsoft Visual Studio Solution File, Format Version 12.00
# Visual Studio 14
VisualStudioVersion = 14.0.23107.0
MinimumVisualStudioVersion = 10.0.40219.1
Project("{CC5FD16D-436D-48AD-A40C-5A424C6E3E79}") = "AzureKnockKnock", "AzureKnockKnock\AzureKnockKnock.ccproj", "{3D549E39-9B1E-41CD-97E2-9829AD9786DB}"
EndProject
Project("{FAE04EC0-301F-11D3-BF4B-00C04F79EFBC}") = "WCFServiceWebRole1", "WCFServiceWebRole1\WCFServiceWebRole1.csproj", "{08F71045-FB6A-4758-BB7F-2451C34708C0}"
EndProject
Global
	GlobalSection(SolutionConfigurationPlatforms) = preSolution
		Debug|Any CPU = Debug|Any CPU
		Release|Any CPU = Release|Any CPU
	EndGlobalSection
	GlobalSection(ProjectConfigurationPlatforms) = postSolution
		{3D549E39-9B1E-41CD-97E2-9829AD9786DB}.Debug|Any CPU.ActiveCfg = Debug|Any CPU
		{3D549E39-9B1E-41CD-97E2-9829AD9786DB}.Debug|Any CPU.Build.0 = Debug|Any CPU
		{3D549E39-9B1E-41CD-97E2-9829AD9786DB}.Release|Any CPU.ActiveCfg = Release|Any CPU
		{3D549E39-9B1E-41CD-97E2-9829AD9786DB}.Release|Any CPU.Build.0 = Release|Any CPU
		{08F71045-FB6A-4758-BB7F-2451C34708C0}.Debug|Any CPU.ActiveCfg = Debug|Any CPU
		{08F71045-FB6A-4758-BB7F-2451C34708C0}.Debug|Any CPU.Build.0 = Debug|Any CPU
		{08F71045-FB6A-4758-BB7F-2451C34708C0}.Release|Any CPU.ActiveCfg = Release|Any CPU
		{08F71045-FB6A-4758-BB7F-2451C34708C0}.Release|Any CPU.Build.0 = Release|Any CPU
	EndGlobalSection
	GlobalSection(SolutionProperties) = preSolution
		HideSolutionNode = FALSE
	EndGlobalSection
EndGlobal
